
Microsoft Visual Studio Solution File, Format Version 12.00
# Visual Studio Version 16
VisualStudioVersion = 16.0.36128.20
MinimumVisualStudioVersion = 10.0.40219.1
Project("{FAE04EC0-301F-11D3-BF4B-00C04F79EFBC}") = "OurDecor", "OurDecor\OurDecor.csproj", "{F7D1CF1B-BD8A-417F-968D-302DF9FBA651}"
EndProject
Global
	GlobalSection(SolutionConfigurationPlatforms) = preSolution
		Debug|Any CPU = Debug|Any CPU
		Release|Any CPU = Release|Any CPU
	EndGlobalSection
	GlobalSection(ProjectConfigurationPlatforms) = postSolution
		{F7D1CF1B-BD8A-417F-968D-302DF9FBA651}.Debug|Any CPU.ActiveCfg = Debug|Any CPU
		{F7D1CF1B-BD8A-417F-968D-302DF9FBA651}.Debug|Any CPU.Build.0 = Debug|Any CPU
		{F7D1CF1B-BD8A-417F-968D-302DF9FBA651}.Release|Any CPU.ActiveCfg = Release|Any CPU
		{F7D1CF1B-BD8A-417F-968D-302DF9FBA651}.Release|Any CPU.Build.0 = Release|Any CPU
	EndGlobalSection
	GlobalSection(SolutionProperties) = preSolution
		HideSolutionNode = FALSE
	EndGlobalSection
	GlobalSection(ExtensibilityGlobals) = postSolution
		SolutionGuid = {AD0B0826-C04B-40DD-9D02-BA19A2905A40}
	EndGlobalSection
EndGlobal
